
Microsoft Visual Studio Solution File, Format Version 12.00
# Visual Studio Version 17
VisualStudioVersion = 17.4.33110.190
MinimumVisualStudioVersion = 10.0.40219.1
Project("{FAE04EC0-301F-11D3-BF4B-00C04F79EFBC}") = "Main", "Main\Main.csproj", "{9880DF51-DA39-4405-B81B-F82935894028}"
EndProject
Project("{FAE04EC0-301F-11D3-BF4B-00C04F79EFBC}") = "ReferenceProject", "ReferenceProject\ReferenceProject.csproj", "{2F85E277-1202-431C-82AE-CE13D3D42D31}"
EndProject
Global
	GlobalSection(SolutionConfigurationPlatforms) = preSolution
		Debug|Any CPU = Debug|Any CPU
		Release|Any CPU = Release|Any CPU
	EndGlobalSection
	GlobalSection(ProjectConfigurationPlatforms) = postSolution
		{9880DF51-DA39-4405-B81B-F82935894028}.Debug|Any CPU.ActiveCfg = Debug|Any CPU
		{9880DF51-DA39-4405-B81B-F82935894028}.Debug|Any CPU.Build.0 = Debug|Any CPU
		{9880DF51-DA39-4405-B81B-F82935894028}.Release|Any CPU.ActiveCfg = Release|Any CPU
		{9880DF51-DA39-4405-B81B-F82935894028}.Release|Any CPU.Build.0 = Release|Any CPU
		{2F85E277-1202-431C-82AE-CE13D3D42D31}.Debug|Any CPU.ActiveCfg = Debug|Any CPU
		{2F85E277-1202-431C-82AE-CE13D3D42D31}.Debug|Any CPU.Build.0 = Debug|Any CPU
		{2F85E277-1202-431C-82AE-CE13D3D42D31}.Release|Any CPU.ActiveCfg = Release|Any CPU
		{2F85E277-1202-431C-82AE-CE13D3D42D31}.Release|Any CPU.Build.0 = Release|Any CPU
	EndGlobalSection
	GlobalSection(SolutionProperties) = preSolution
		HideSolutionNode = FALSE
	EndGlobalSection
	GlobalSection(ExtensibilityGlobals) = postSolution
		SolutionGuid = {23DA6573-6F67-4BD0-B4EF-94B2BE2AA8CA}
	EndGlobalSection
EndGlobal
